
Microsoft Visual Studio Solution File, Format Version 12.00
# Visual Studio 15
VisualStudioVersion = 15.0.26430.16
MinimumVisualStudioVersion = 10.0.40219.1
Project("{FAE04EC0-301F-11D3-BF4B-00C04F79EFBC}") = "CsCourse.ClassesAndObjects.WPF", "CsCourse.ClassesAndObjects.WPF\CsCourse.ClassesAndObjects.WPF.csproj", "{32515A56-AFA7-4637-B5A8-4D79D8C87A98}"
EndProject
Project("{FAE04EC0-301F-11D3-BF4B-00C04F79EFBC}") = "CsCourse.ClassesAndObjectsLib", "CsCourse.ClassesAndObjectsLib\CsCourse.ClassesAndObjectsLib.csproj", "{D491D842-BA42-425E-9830-86431084CA9F}"
EndProject
Global
	GlobalSection(SolutionConfigurationPlatforms) = preSolution
		Debug|Any CPU = Debug|Any CPU
		Release|Any CPU = Release|Any CPU
	EndGlobalSection
	GlobalSection(ProjectConfigurationPlatforms) = postSolution
		{32515A56-AFA7-4637-B5A8-4D79D8C87A98}.Debug|Any CPU.ActiveCfg = Debug|Any CPU
		{32515A56-AFA7-4637-B5A8-4D79D8C87A98}.Debug|Any CPU.Build.0 = Debug|Any CPU
		{32515A56-AFA7-4637-B5A8-4D79D8C87A98}.Release|Any CPU.ActiveCfg = Release|Any CPU
		{32515A56-AFA7-4637-B5A8-4D79D8C87A98}.Release|Any CPU.Build.0 = Release|Any CPU
		{D491D842-BA42-425E-9830-86431084CA9F}.Debug|Any CPU.ActiveCfg = Debug|Any CPU
		{D491D842-BA42-425E-9830-86431084CA9F}.Debug|Any CPU.Build.0 = Debug|Any CPU
		{D491D842-BA42-425E-9830-86431084CA9F}.Release|Any CPU.ActiveCfg = Release|Any CPU
		{D491D842-BA42-425E-9830-86431084CA9F}.Release|Any CPU.Build.0 = Release|Any CPU
	EndGlobalSection
	GlobalSection(SolutionProperties) = preSolution
		HideSolutionNode = FALSE
	EndGlobalSection
EndGlobal
